
Microsoft Visual Studio Solution File, Format Version 12.00
# Visual Studio Version 16
VisualStudioVersion = 16.0.30114.105
MinimumVisualStudioVersion = 10.0.40219.1
Project("{FAE04EC0-301F-11D3-BF4B-00C04F79EFBC}") = "API", "API\API.csproj", "{8F582EC0-B1B8-4867-947C-80C647C3E8A1}"
EndProject
Project("{FAE04EC0-301F-11D3-BF4B-00C04F79EFBC}") = "Core", "Core\Core.csproj", "{194EEAF5-3BDD-4A9E-88D0-9F709243B379}"
EndProject
Project("{FAE04EC0-301F-11D3-BF4B-00C04F79EFBC}") = "Infrastructure", "Infrastructure\Infrastructure.csproj", "{1CD2F8ED-37E6-44FF-AAEB-76B74EEC6BE0}"
EndProject
Global
	GlobalSection(SolutionConfigurationPlatforms) = preSolution
		Debug|Any CPU = Debug|Any CPU
		Release|Any CPU = Release|Any CPU
	EndGlobalSection
	GlobalSection(SolutionProperties) = preSolution
		HideSolutionNode = FALSE
	EndGlobalSection
	GlobalSection(ProjectConfigurationPlatforms) = postSolution
		{8F582EC0-B1B8-4867-947C-80C647C3E8A1}.Debug|Any CPU.ActiveCfg = Debug|Any CPU
		{8F582EC0-B1B8-4867-947C-80C647C3E8A1}.Debug|Any CPU.Build.0 = Debug|Any CPU
		{8F582EC0-B1B8-4867-947C-80C647C3E8A1}.Release|Any CPU.ActiveCfg = Release|Any CPU
		{8F582EC0-B1B8-4867-947C-80C647C3E8A1}.Release|Any CPU.Build.0 = Release|Any CPU
		{194EEAF5-3BDD-4A9E-88D0-9F709243B379}.Debug|Any CPU.ActiveCfg = Debug|Any CPU
		{194EEAF5-3BDD-4A9E-88D0-9F709243B379}.Debug|Any CPU.Build.0 = Debug|Any CPU
		{194EEAF5-3BDD-4A9E-88D0-9F709243B379}.Release|Any CPU.ActiveCfg = Release|Any CPU
		{194EEAF5-3BDD-4A9E-88D0-9F709243B379}.Release|Any CPU.Build.0 = Release|Any CPU
		{1CD2F8ED-37E6-44FF-AAEB-76B74EEC6BE0}.Debug|Any CPU.ActiveCfg = Debug|Any CPU
		{1CD2F8ED-37E6-44FF-AAEB-76B74EEC6BE0}.Debug|Any CPU.Build.0 = Debug|Any CPU
		{1CD2F8ED-37E6-44FF-AAEB-76B74EEC6BE0}.Release|Any CPU.ActiveCfg = Release|Any CPU
		{1CD2F8ED-37E6-44FF-AAEB-76B74EEC6BE0}.Release|Any CPU.Build.0 = Release|Any CPU
	EndGlobalSection
EndGlobal
